
Microsoft Visual Studio Solution File, Format Version 12.00
# Visual Studio Version 17
VisualStudioVersion = 17.7.34031.279
MinimumVisualStudioVersion = 10.0.40219.1
Project("{FAE04EC0-301F-11D3-BF4B-00C04F79EFBC}") = "WindowsFormsApp2", "WindowsFormsApp2\WindowsFormsApp2.csproj", "{D0857234-309C-4320-AE46-3ADA1E51AFC1}"
EndProject
Global
	GlobalSection(SolutionConfigurationPlatforms) = preSolution
		Debug|Any CPU = Debug|Any CPU
		Release|Any CPU = Release|Any CPU
	EndGlobalSection
	GlobalSection(ProjectConfigurationPlatforms) = postSolution
		{D0857234-309C-4320-AE46-3ADA1E51AFC1}.Debug|Any CPU.ActiveCfg = Debug|Any CPU
		{D0857234-309C-4320-AE46-3ADA1E51AFC1}.Debug|Any CPU.Build.0 = Debug|Any CPU
		{D0857234-309C-4320-AE46-3ADA1E51AFC1}.Release|Any CPU.ActiveCfg = Release|Any CPU
		{D0857234-309C-4320-AE46-3ADA1E51AFC1}.Release|Any CPU.Build.0 = Release|Any CPU
	EndGlobalSection
	GlobalSection(SolutionProperties) = preSolution
		HideSolutionNode = FALSE
	EndGlobalSection
	GlobalSection(ExtensibilityGlobals) = postSolution
		SolutionGuid = {785761ED-9090-490B-BC7B-6AEAEEB1D559}
	EndGlobalSection
EndGlobal
